// !$*UTF8*$!
{
	archiveVersion = 1;
	classes = {
	};
	objectVersion = 56;
	objects = {

/* Begin PBXBuildFile section */
		D6F49F3E2ADE582500046E10 /* AppDelegate.swift in Sources */ = {isa = PBXBuildFile; fileRef = D6F49F3D2ADE582500046E10 /* AppDelegate.swift */; };
		D6F49F402ADE582500046E10 /* SceneDelegate.swift in Sources */ = {isa = PBXBuildFile; fileRef = D6F49F3F2ADE582500046E10 /* SceneDelegate.swift */; };
		D6F49F422ADE582500046E10 /* ViewController.swift in Sources */ = {isa = PBXBuildFile; fileRef = D6F49F412ADE582500046E10 /* ViewController.swift */; };
		D6F49F452ADE582500046E10 /* Main.storyboard in Resources */ = {isa = PBXBuildFile; fileRef = D6F49F432ADE582500046E10 /* Main.storyboard */; };
		D6F49F472ADE582600046E10 /* Assets.xcassets in Resources */ = {isa = PBXBuildFile; fileRef = D6F49F462ADE582600046E10 /* Assets.xcassets */; };
		D6F49F4A2ADE582600046E10 /* LaunchScreen.storyboard in Resources */ = {isa = PBXBuildFile; fileRef = D6F49F482ADE582600046E10 /* LaunchScreen.storyboard */; };
		D6F49F552ADE582600046E10 /* tip_calculatorTests.swift in Sources */ = {isa = PBXBuildFile; fileRef = D6F49F542ADE582600046E10 /* tip_calculatorTests.swift */; };
		D6F49F5F2ADE582600046E10 /* tip_calculatorUITests.swift in Sources */ = {isa = PBXBuildFile; fileRef = D6F49F5E2ADE582600046E10 /* tip_calculatorUITests.swift */; };
		D6F49F612ADE582600046E10 /* tip_calculatorUITestsLaunchTests.swift in Sources */ = {isa = PBXBuildFile; fileRef = D6F49F602ADE582600046E10 /* tip_calculatorUITestsLaunchTests.swift */; };
		D6F49F6F2ADE693B00046E10 /* CombineCocoa in Frameworks */ = {isa = PBXBuildFile; productRef = D6F49F6E2ADE693B00046E10 /* CombineCocoa */; };
		D6F49F722ADE696F00046E10 /* SnapKit in Frameworks */ = {isa = PBXBuildFile; productRef = D6F49F712ADE696F00046E10 /* SnapKit */; };
		D6F49F752ADE6A2A00046E10 /* CombineCocoa in Frameworks */ = {isa = PBXBuildFile; productRef = D6F49F742ADE6A2A00046E10 /* CombineCocoa */; };
		D6F49F782ADE6A5B00046E10 /* SnapshotTesting in Frameworks */ = {isa = PBXBuildFile; productRef = D6F49F772ADE6A5B00046E10 /* SnapshotTesting */; };
		D6F49F7A2ADE6A6500046E10 /* CombineCocoa in Frameworks */ = {isa = PBXBuildFile; productRef = D6F49F792ADE6A6500046E10 /* CombineCocoa */; };
/* End PBXBuildFile section */

/* Begin PBXContainerItemProxy section */
		D6F49F512ADE582600046E10 /* PBXContainerItemProxy */ = {
			isa = PBXContainerItemProxy;
			containerPortal = D6F49F322ADE582500046E10 /* Project object */;
			proxyType = 1;
			remoteGlobalIDString = D6F49F392ADE582500046E10;
			remoteInfo = "tip-calculator";
		};
		D6F49F5B2ADE582600046E10 /* PBXContainerItemProxy */ = {
			isa = PBXContainerItemProxy;
			containerPortal = D6F49F322ADE582500046E10 /* Project object */;
			proxyType = 1;
			remoteGlobalIDString = D6F49F392ADE582500046E10;
			remoteInfo = "tip-calculator";
		};
/* End PBXContainerItemProxy section */

/* Begin PBXFileReference section */
		D6F49F3A2ADE582500046E10 /* tip-calculator.app */ = {isa = PBXFileReference; explicitFileType = wrapper.application; includeInIndex = 0; path = "tip-calculator.app"; sourceTree = BUILT_PRODUCTS_DIR; };
		D6F49F3D2ADE582500046E10 /* AppDelegate.swift */ = {isa = PBXFileReference; lastKnownFileType = sourcecode.swift; path = AppDelegate.swift; sourceTree = "<group>"; };
		D6F49F3F2ADE582500046E10 /* SceneDelegate.swift */ = {isa = PBXFileReference; lastKnownFileType = sourcecode.swift; path = SceneDelegate.swift; sourceTree = "<group>"; };
		D6F49F412ADE582500046E10 /* ViewController.swift */ = {isa = PBXFileReference; lastKnownFileType = sourcecode.swift; path = ViewController.swift; sourceTree = "<group>"; };
		D6F49F442ADE582500046E10 /* Base */ = {isa = PBXFileReference; lastKnownFileType = file.storyboard; name = Base; path = Base.lproj/Main.storyboard; sourceTree = "<group>"; };
		D6F49F462ADE582600046E10 /* Assets.xcassets */ = {isa = PBXFileReference; lastKnownFileType = folder.assetcatalog; path = Assets.xcassets; sourceTree = "<group>"; };
		D6F49F492ADE582600046E10 /* Base */ = {isa = PBXFileReference; lastKnownFileType = file.storyboard; name = Base; path = Base.lproj/LaunchScreen.storyboard; sourceTree = "<group>"; };
		D6F49F4B2ADE582600046E10 /* Info.plist */ = {isa = PBXFileReference; lastKnownFileType = text.plist.xml; path = Info.plist; sourceTree = "<group>"; };
		D6F49F502ADE582600046E10 /* tip-calculatorTests.xctest */ = {isa = PBXFileReference; explicitFileType = wrapper.cfbundle; includeInIndex = 0; path = "tip-calculatorTests.xctest"; sourceTree = BUILT_PRODUCTS_DIR; };
		D6F49F542ADE582600046E10 /* tip_calculatorTests.swift */ = {isa = PBXFileReference; lastKnownFileType = sourcecode.swift; path = tip_calculatorTests.swift; sourceTree = "<group>"; };
		D6F49F5A2ADE582600046E10 /* tip-calculatorUITests.xctest */ = {isa = PBXFileReference; explicitFileType = wrapper.cfbundle; includeInIndex = 0; path = "tip-calculatorUITests.xctest"; sourceTree = BUILT_PRODUCTS_DIR; };
		D6F49F5E2ADE582600046E10 /* tip_calculatorUITests.swift */ = {isa = PBXFileReference; lastKnownFileType = sourcecode.swift; path = tip_calculatorUITests.swift; sourceTree = "<group>"; };
		D6F49F602ADE582600046E10 /* tip_calculatorUITestsLaunchTests.swift */ = {isa = PBXFileReference; lastKnownFileType = sourcecode.swift; path = tip_calculatorUITestsLaunchTests.swift; sourceTree = "<group>"; };
/* End PBXFileReference section */

/* Begin PBXFrameworksBuildPhase section */
		D6F49F372ADE582500046E10 /* Frameworks */ = {
			isa = PBXFrameworksBuildPhase;
			buildActionMask = 2147483647;
			files = (
				D6F49F6F2ADE693B00046E10 /* CombineCocoa in Frameworks */,
				D6F49F722ADE696F00046E10 /* SnapKit in Frameworks */,
			);
			runOnlyForDeploymentPostprocessing = 0;
		};
		D6F49F4D2ADE582600046E10 /* Frameworks */ = {
			isa = PBXFrameworksBuildPhase;
			buildActionMask = 2147483647;
			files = (
				D6F49F752ADE6A2A00046E10 /* CombineCocoa in Frameworks */,
				D6F49F782ADE6A5B00046E10 /* SnapshotTesting in Frameworks */,
			);
			runOnlyForDeploymentPostprocessing = 0;
		};
		D6F49F572ADE582600046E10 /* Frameworks */ = {
			isa = PBXFrameworksBuildPhase;
			buildActionMask = 2147483647;
			files = (
				D6F49F7A2ADE6A6500046E10 /* CombineCocoa in Frameworks */,
			);
			runOnlyForDeploymentPostprocessing = 0;
		};
/* End PBXFrameworksBuildPhase section */

/* Begin PBXGroup section */
		D6F49F312ADE582500046E10 = {
			isa = PBXGroup;
			children = (
				D6F49F3C2ADE582500046E10 /* tip-calculator */,
				D6F49F532ADE582600046E10 /* tip-calculatorTests */,
				D6F49F5D2ADE582600046E10 /* tip-calculatorUITests */,
				D6F49F3B2ADE582500046E10 /* Products */,
				D6F49F732ADE6A2A00046E10 /* Frameworks */,
			);
			sourceTree = "<group>";
		};
		D6F49F3B2ADE582500046E10 /* Products */ = {
			isa = PBXGroup;
			children = (
				D6F49F3A2ADE582500046E10 /* tip-calculator.app */,
				D6F49F502ADE582600046E10 /* tip-calculatorTests.xctest */,
				D6F49F5A2ADE582600046E10 /* tip-calculatorUITests.xctest */,
			);
			name = Products;
			sourceTree = "<group>";
		};
		D6F49F3C2ADE582500046E10 /* tip-calculator */ = {
			isa = PBXGroup;
			children = (
				D6F49F3D2ADE582500046E10 /* AppDelegate.swift */,
				D6F49F3F2ADE582500046E10 /* SceneDelegate.swift */,
				D6F49F412ADE582500046E10 /* ViewController.swift */,
				D6F49F432ADE582500046E10 /* Main.storyboard */,
				D6F49F462ADE582600046E10 /* Assets.xcassets */,
				D6F49F482ADE582600046E10 /* LaunchScreen.storyboard */,
				D6F49F4B2ADE582600046E10 /* Info.plist */,
			);
			path = "tip-calculator";
			sourceTree = "<group>";
		};
		D6F49F532ADE582600046E10 /* tip-calculatorTests */ = {
			isa = PBXGroup;
			children = (
				D6F49F542ADE582600046E10 /* tip_calculatorTests.swift */,
			);
			path = "tip-calculatorTests";
			sourceTree = "<group>";
		};
		D6F49F5D2ADE582600046E10 /* tip-calculatorUITests */ = {
			isa = PBXGroup;
			children = (
				D6F49F5E2ADE582600046E10 /* tip_calculatorUITests.swift */,
				D6F49F602ADE582600046E10 /* tip_calculatorUITestsLaunchTests.swift */,
			);
			path = "tip-calculatorUITests";
			sourceTree = "<group>";
		};
		D6F49F732ADE6A2A00046E10 /* Frameworks */ = {
			isa = PBXGroup;
			children = (
			);
			name = Frameworks;
			sourceTree = "<group>";
		};
/* End PBXGroup section */

/* Begin PBXNativeTarget section */
		D6F49F392ADE582500046E10 /* tip-calculator */ = {
			isa = PBXNativeTarget;
			buildConfigurationList = D6F49F642ADE582600046E10 /* Build configuration list for PBXNativeTarget "tip-calculator" */;
			buildPhases = (
				D6F49F362ADE582500046E10 /* Sources */,
				D6F49F372ADE582500046E10 /* Frameworks */,
				D6F49F382ADE582500046E10 /* Resources */,
			);
			buildRules = (
			);
			dependencies = (
			);
			name = "tip-calculator";
			packageProductDependencies = (
				D6F49F6E2ADE693B00046E10 /* CombineCocoa */,
				D6F49F712ADE696F00046E10 /* SnapKit */,
			);
			productName = "tip-calculator";
			productReference = D6F49F3A2ADE582500046E10 /* tip-calculator.app */;
			productType = "com.apple.product-type.application";
		};
		D6F49F4F2ADE582600046E10 /* tip-calculatorTests */ = {
			isa = PBXNativeTarget;
			buildConfigurationList = D6F49F672ADE582600046E10 /* Build configuration list for PBXNativeTarget "tip-calculatorTests" */;
			buildPhases = (
				D6F49F4C2ADE582600046E10 /* Sources */,
				D6F49F4D2ADE582600046E10 /* Frameworks */,
				D6F49F4E2ADE582600046E10 /* Resources */,
			);
			buildRules = (
			);
			dependencies = (
				D6F49F522ADE582600046E10 /* PBXTargetDependency */,
			);
			name = "tip-calculatorTests";
			packageProductDependencies = (
				D6F49F742ADE6A2A00046E10 /* CombineCocoa */,
				D6F49F772ADE6A5B00046E10 /* SnapshotTesting */,
			);
			productName = "tip-calculatorTests";
			productReference = D6F49F502ADE582600046E10 /* tip-calculatorTests.xctest */;
			productType = "com.apple.product-type.bundle.unit-test";
		};
		D6F49F592ADE582600046E10 /* tip-calculatorUITests */ = {
			isa = PBXNativeTarget;
			buildConfigurationList = D6F49F6A2ADE582600046E10 /* Build configuration list for PBXNativeTarget "tip-calculatorUITests" */;
			buildPhases = (
				D6F49F562ADE582600046E10 /* Sources */,
				D6F49F572ADE582600046E10 /* Frameworks */,
				D6F49F582ADE582600046E10 /* Resources */,
			);
			buildRules = (
			);
			dependencies = (
				D6F49F5C2ADE582600046E10 /* PBXTargetDependency */,
			);
			name = "tip-calculatorUITests";
			packageProductDependencies = (
				D6F49F792ADE6A6500046E10 /* CombineCocoa */,
			);
			productName = "tip-calculatorUITests";
			productReference = D6F49F5A2ADE582600046E10 /* tip-calculatorUITests.xctest */;
			productType = "com.apple.product-type.bundle.ui-testing";
		};
/* End PBXNativeTarget section */

/* Begin PBXProject section */
		D6F49F322ADE582500046E10 /* Project object */ = {
			isa = PBXProject;
			attributes = {
				BuildIndependentTargetsInParallel = 1;
				LastSwiftUpdateCheck = 1420;
				LastUpgradeCheck = 1420;
				TargetAttributes = {
					D6F49F392ADE582500046E10 = {
						CreatedOnToolsVersion = 14.2;
					};
					D6F49F4F2ADE582600046E10 = {
						CreatedOnToolsVersion = 14.2;
						TestTargetID = D6F49F392ADE582500046E10;
					};
					D6F49F592ADE582600046E10 = {
						CreatedOnToolsVersion = 14.2;
						TestTargetID = D6F49F392ADE582500046E10;
					};
				};
			};
			buildConfigurationList = D6F49F352ADE582500046E10 /* Build configuration list for PBXProject "tip-calculator" */;
			compatibilityVersion = "Xcode 14.0";
			developmentRegion = en;
			hasScannedForEncodings = 0;
			knownRegions = (
				en,
				Base,
			);
			mainGroup = D6F49F312ADE582500046E10;
			packageReferences = (
				D6F49F6D2ADE693B00046E10 /* XCRemoteSwiftPackageReference "CombineCocoa" */,
				D6F49F702ADE696F00046E10 /* XCRemoteSwiftPackageReference "SnapKit" */,
				D6F49F762ADE6A5B00046E10 /* XCRemoteSwiftPackageReference "swift-snapshot-testing" */,
			);
			productRefGroup = D6F49F3B2ADE582500046E10 /* Products */;
			projectDirPath = "";
			projectRoot = "";
			targets = (
				D6F49F392ADE582500046E10 /* tip-calculator */,
				D6F49F4F2ADE582600046E10 /* tip-calculatorTests */,
				D6F49F592ADE582600046E10 /* tip-calculatorUITests */,
			);
		};
/* End PBXProject section */

/* Begin PBXResourcesBuildPhase section */
		D6F49F382ADE582500046E10 /* Resources */ = {
			isa = PBXResourcesBuildPhase;
			buildActionMask = 2147483647;
			files = (
				D6F49F4A2ADE582600046E10 /* LaunchScreen.storyboard in Resources */,
				D6F49F472ADE582600046E10 /* Assets.xcassets in Resources */,
				D6F49F452ADE582500046E10 /* Main.storyboard in Resources */,
			);
			runOnlyForDeploymentPostprocessing = 0;
		};
		D6F49F4E2ADE582600046E10 /* Resources */ = {
			isa = PBXResourcesBuildPhase;
			buildActionMask = 2147483647;
			files = (
			);
			runOnlyForDeploymentPostprocessing = 0;
		};
		D6F49F582ADE582600046E10 /* Resources */ = {
			isa = PBXResourcesBuildPhase;
			buildActionMask = 2147483647;
			files = (
			);
			runOnlyForDeploymentPostprocessing = 0;
		};
/* End PBXResourcesBuildPhase section */

/* Begin PBXSourcesBuildPhase section */
		D6F49F362ADE582500046E10 /* Sources */ = {
			isa = PBXSourcesBuildPhase;
			buildActionMask = 2147483647;
			files = (
				D6F49F422ADE582500046E10 /* ViewController.swift in Sources */,
				D6F49F3E2ADE582500046E10 /* AppDelegate.swift in Sources */,
				D6F49F402ADE582500046E10 /* SceneDelegate.swift in Sources */,
			);
			runOnlyForDeploymentPostprocessing = 0;
		};
		D6F49F4C2ADE582600046E10 /* Sources */ = {
			isa = PBXSourcesBuildPhase;
			buildActionMask = 2147483647;
			files = (
				D6F49F552ADE582600046E10 /* tip_calculatorTests.swift in Sources */,
			);
			runOnlyForDeploymentPostprocessing = 0;
		};
		D6F49F562ADE582600046E10 /* Sources */ = {
			isa = PBXSourcesBuildPhase;
			buildActionMask = 2147483647;
			files = (
				D6F49F612ADE582600046E10 /* tip_calculatorUITestsLaunchTests.swift in Sources */,
				D6F49F5F2ADE582600046E10 /* tip_calculatorUITests.swift in Sources */,
			);
			runOnlyForDeploymentPostprocessing = 0;
		};
/* End PBXSourcesBuildPhase section */

/* Begin PBXTargetDependency section */
		D6F49F522ADE582600046E10 /* PBXTargetDependency */ = {
			isa = PBXTargetDependency;
			target = D6F49F392ADE582500046E10 /* tip-calculator */;
			targetProxy = D6F49F512ADE582600046E10 /* PBXContainerItemProxy */;
		};
		D6F49F5C2ADE582600046E10 /* PBXTargetDependency */ = {
			isa = PBXTargetDependency;
			target = D6F49F392ADE582500046E10 /* tip-calculator */;
			targetProxy = D6F49F5B2ADE582600046E10 /* PBXContainerItemProxy */;
		};
/* End PBXTargetDependency section */

/* Begin PBXVariantGroup section */
		D6F49F432ADE582500046E10 /* Main.storyboard */ = {
			isa = PBXVariantGroup;
			children = (
				D6F49F442ADE582500046E10 /* Base */,
			);
			name = Main.storyboard;
			sourceTree = "<group>";
		};
		D6F49F482ADE582600046E10 /* LaunchScreen.storyboard */ = {
			isa = PBXVariantGroup;
			children = (
				D6F49F492ADE582600046E10 /* Base */,
			);
			name = LaunchScreen.storyboard;
			sourceTree = "<group>";
		};
/* End PBXVariantGroup section */

/* Begin XCBuildConfiguration section */
		D6F49F622ADE582600046E10 /* Debug */ = {
			isa = XCBuildConfiguration;
			buildSettings = {
				ALWAYS_SEARCH_USER_PATHS = NO;
				CLANG_ANALYZER_NONNULL = YES;
				CLANG_ANALYZER_NUMBER_OBJECT_CONVERSION = YES_AGGRESSIVE;
				CLANG_CXX_LANGUAGE_STANDARD = "gnu++20";
				CLANG_ENABLE_MODULES = YES;
				CLANG_ENABLE_OBJC_ARC = YES;
				CLANG_ENABLE_OBJC_WEAK = YES;
				CLANG_WARN_BLOCK_CAPTURE_AUTORELEASING = YES;
				CLANG_WARN_BOOL_CONVERSION = YES;
				CLANG_WARN_COMMA = YES;
				CLANG_WARN_CONSTANT_CONVERSION = YES;
				CLANG_WARN_DEPRECATED_OBJC_IMPLEMENTATIONS = YES;
				CLANG_WARN_DIRECT_OBJC_ISA_USAGE = YES_ERROR;
				CLANG_WARN_DOCUMENTATION_COMMENTS = YES;
				CLANG_WARN_EMPTY_BODY = YES;
				CLANG_WARN_ENUM_CONVERSION = YES;
				CLANG_WARN_INFINITE_RECURSION = YES;
				CLANG_WARN_INT_CONVERSION = YES;
				CLANG_WARN_NON_LITERAL_NULL_CONVERSION = YES;
				CLANG_WARN_OBJC_IMPLICIT_RETAIN_SELF = YES;
				CLANG_WARN_OBJC_LITERAL_CONVERSION = YES;
				CLANG_WARN_OBJC_ROOT_CLASS = YES_ERROR;
				CLANG_WARN_QUOTED_INCLUDE_IN_FRAMEWORK_HEADER = YES;
				CLANG_WARN_RANGE_LOOP_ANALYSIS = YES;
				CLANG_WARN_STRICT_PROTOTYPES = YES;
				CLANG_WARN_SUSPICIOUS_MOVE = YES;
				CLANG_WARN_UNGUARDED_AVAILABILITY = YES_AGGRESSIVE;
				CLANG_WARN_UNREACHABLE_CODE = YES;
				CLANG_WARN__DUPLICATE_METHOD_MATCH = YES;
				COPY_PHASE_STRIP = NO;
				DEBUG_INFORMATION_FORMAT = dwarf;
				ENABLE_STRICT_OBJC_MSGSEND = YES;
				ENABLE_TESTABILITY = YES;
				GCC_C_LANGUAGE_STANDARD = gnu11;
				GCC_DYNAMIC_NO_PIC = NO;
				GCC_NO_COMMON_BLOCKS = YES;
				GCC_OPTIMIZATION_LEVEL = 0;
				GCC_PREPROCESSOR_DEFINITIONS = (
					"DEBUG=1",
					"$(inherited)",
				);
				GCC_WARN_64_TO_32_BIT_CONVERSION = YES;
				GCC_WARN_ABOUT_RETURN_TYPE = YES_ERROR;
				GCC_WARN_UNDECLARED_SELECTOR = YES;
				GCC_WARN_UNINITIALIZED_AUTOS = YES_AGGRESSIVE;
				GCC_WARN_UNUSED_FUNCTION = YES;
				GCC_WARN_UNUSED_VARIABLE = YES;
				IPHONEOS_DEPLOYMENT_TARGET = 16.2;
				MTL_ENABLE_DEBUG_INFO = INCLUDE_SOURCE;
				MTL_FAST_MATH = YES;
				ONLY_ACTIVE_ARCH = YES;
				SDKROOT = iphoneos;
				SWIFT_ACTIVE_COMPILATION_CONDITIONS = DEBUG;
				SWIFT_OPTIMIZATION_LEVEL = "-Onone";
			};
			name = Debug;
		};
		D6F49F632ADE582600046E10 /* Release */ = {
			isa = XCBuildConfiguration;
			buildSettings = {
				ALWAYS_SEARCH_USER_PATHS = NO;
				CLANG_ANALYZER_NONNULL = YES;
				CLANG_ANALYZER_NUMBER_OBJECT_CONVERSION = YES_AGGRESSIVE;
				CLANG_CXX_LANGUAGE_STANDARD = "gnu++20";
				CLANG_ENABLE_MODULES = YES;
				CLANG_ENABLE_OBJC_ARC = YES;
				CLANG_ENABLE_OBJC_WEAK = YES;
				CLANG_WARN_BLOCK_CAPTURE_AUTORELEASING = YES;
				CLANG_WARN_BOOL_CONVERSION = YES;
				CLANG_WARN_COMMA = YES;
				CLANG_WARN_CONSTANT_CONVERSION = YES;
				CLANG_WARN_DEPRECATED_OBJC_IMPLEMENTATIONS = YES;
				CLANG_WARN_DIRECT_OBJC_ISA_USAGE = YES_ERROR;
				CLANG_WARN_DOCUMENTATION_COMMENTS = YES;
				CLANG_WARN_EMPTY_BODY = YES;
				CLANG_WARN_ENUM_CONVERSION = YES;
				CLANG_WARN_INFINITE_RECURSION = YES;
				CLANG_WARN_INT_CONVERSION = YES;
				CLANG_WARN_NON_LITERAL_NULL_CONVERSION = YES;
				CLANG_WARN_OBJC_IMPLICIT_RETAIN_SELF = YES;
				CLANG_WARN_OBJC_LITERAL_CONVERSION = YES;
				CLANG_WARN_OBJC_ROOT_CLASS = YES_ERROR;
				CLANG_WARN_QUOTED_INCLUDE_IN_FRAMEWORK_HEADER = YES;
				CLANG_WARN_RANGE_LOOP_ANALYSIS = YES;
				CLANG_WARN_STRICT_PROTOTYPES = YES;
				CLANG_WARN_SUSPICIOUS_MOVE = YES;
				CLANG_WARN_UNGUARDED_AVAILABILITY = YES_AGGRESSIVE;
				CLANG_WARN_UNREACHABLE_CODE = YES;
				CLANG_WARN__DUPLICATE_METHOD_MATCH = YES;
				COPY_PHASE_STRIP = NO;
				DEBUG_INFORMATION_FORMAT = "dwarf-with-dsym";
				ENABLE_NS_ASSERTIONS = NO;
				ENABLE_STRICT_OBJC_MSGSEND = YES;
				GCC_C_LANGUAGE_STANDARD = gnu11;
				GCC_NO_COMMON_BLOCKS = YES;
				GCC_WARN_64_TO_32_BIT_CONVERSION = YES;
				GCC_WARN_ABOUT_RETURN_TYPE = YES_ERROR;
				GCC_WARN_UNDECLARED_SELECTOR = YES;
				GCC_WARN_UNINITIALIZED_AUTOS = YES_AGGRESSIVE;
				GCC_WARN_UNUSED_FUNCTION = YES;
				GCC_WARN_UNUSED_VARIABLE = YES;
				IPHONEOS_DEPLOYMENT_TARGET = 16.2;
				MTL_ENABLE_DEBUG_INFO = NO;
				MTL_FAST_MATH = YES;
				SDKROOT = iphoneos;
				SWIFT_COMPILATION_MODE = wholemodule;
				SWIFT_OPTIMIZATION_LEVEL = "-O";
				VALIDATE_PRODUCT = YES;
			};
			name = Release;
		};
		D6F49F652ADE582600046E10 /* Debug */ = {
			isa = XCBuildConfiguration;
			buildSettings = {
				ASSETCATALOG_COMPILER_APPICON_NAME = AppIcon;
				ASSETCATALOG_COMPILER_GLOBAL_ACCENT_COLOR_NAME = AccentColor;
				CODE_SIGN_STYLE = Automatic;
				CURRENT_PROJECT_VERSION = 1;
				DEVELOPMENT_TEAM = N22JL6379U;
				GENERATE_INFOPLIST_FILE = YES;
				INFOPLIST_FILE = "tip-calculator/Info.plist";
				INFOPLIST_KEY_UIApplicationSupportsIndirectInputEvents = YES;
				INFOPLIST_KEY_UILaunchStoryboardName = LaunchScreen;
				INFOPLIST_KEY_UISupportedInterfaceOrientations_iPad = "UIInterfaceOrientationPortrait UIInterfaceOrientationPortraitUpsideDown UIInterfaceOrientationLandscapeLeft UIInterfaceOrientationLandscapeRight";
				INFOPLIST_KEY_UISupportedInterfaceOrientations_iPhone = "UIInterfaceOrientationPortrait UIInterfaceOrientationLandscapeLeft UIInterfaceOrientationLandscapeRight";
				LD_RUNPATH_SEARCH_PATHS = (
					"$(inherited)",
					"@executable_path/Frameworks",
				);
				MARKETING_VERSION = 1.0;
				PRODUCT_BUNDLE_IDENTIFIER = "com.tip-calculator.tip-calculator";
				PRODUCT_NAME = "$(TARGET_NAME)";
				SWIFT_EMIT_LOC_STRINGS = YES;
				SWIFT_VERSION = 5.0;
				TARGETED_DEVICE_FAMILY = "1,2";
			};
			name = Debug;
		};
		D6F49F662ADE582600046E10 /* Release */ = {
			isa = XCBuildConfiguration;
			buildSettings = {
				ASSETCATALOG_COMPILER_APPICON_NAME = AppIcon;
				ASSETCATALOG_COMPILER_GLOBAL_ACCENT_COLOR_NAME = AccentColor;
				CODE_SIGN_STYLE = Automatic;
				CURRENT_PROJECT_VERSION = 1;
				DEVELOPMENT_TEAM = N22JL6379U;
				GENERATE_INFOPLIST_FILE = YES;
				INFOPLIST_FILE = "tip-calculator/Info.plist";
				INFOPLIST_KEY_UIApplicationSupportsIndirectInputEvents = YES;
				INFOPLIST_KEY_UILaunchStoryboardName = LaunchScreen;
				INFOPLIST_KEY_UISupportedInterfaceOrientations_iPad = "UIInterfaceOrientationPortrait UIInterfaceOrientationPortraitUpsideDown UIInterfaceOrientationLandscapeLeft UIInterfaceOrientationLandscapeRight";
				INFOPLIST_KEY_UISupportedInterfaceOrientations_iPhone = "UIInterfaceOrientationPortrait UIInterfaceOrientationLandscapeLeft UIInterfaceOrientationLandscapeRight";
				LD_RUNPATH_SEARCH_PATHS = (
					"$(inherited)",
					"@executable_path/Frameworks",
				);
				MARKETING_VERSION = 1.0;
				PRODUCT_BUNDLE_IDENTIFIER = "com.tip-calculator.tip-calculator";
				PRODUCT_NAME = "$(TARGET_NAME)";
				SWIFT_EMIT_LOC_STRINGS = YES;
				SWIFT_VERSION = 5.0;
				TARGETED_DEVICE_FAMILY = "1,2";
			};
			name = Release;
		};
		D6F49F682ADE582600046E10 /* Debug */ = {
			isa = XCBuildConfiguration;
			buildSettings = {
				ALWAYS_EMBED_SWIFT_STANDARD_LIBRARIES = YES;
				BUNDLE_LOADER = "$(TEST_HOST)";
				CODE_SIGN_STYLE = Automatic;
				CURRENT_PROJECT_VERSION = 1;
				DEVELOPMENT_TEAM = N22JL6379U;
				GENERATE_INFOPLIST_FILE = YES;
				IPHONEOS_DEPLOYMENT_TARGET = 16.2;
				MARKETING_VERSION = 1.0;
				PRODUCT_BUNDLE_IDENTIFIER = "com.tip-calculator.tip-calculatorTests";
				PRODUCT_NAME = "$(TARGET_NAME)";
				SWIFT_EMIT_LOC_STRINGS = NO;
				SWIFT_VERSION = 5.0;
				TARGETED_DEVICE_FAMILY = "1,2";
				TEST_HOST = "$(BUILT_PRODUCTS_DIR)/tip-calculator.app/$(BUNDLE_EXECUTABLE_FOLDER_PATH)/tip-calculator";
			};
			name = Debug;
		};
		D6F49F692ADE582600046E10 /* Release */ = {
			isa = XCBuildConfiguration;
			buildSettings = {
				ALWAYS_EMBED_SWIFT_STANDARD_LIBRARIES = YES;
				BUNDLE_LOADER = "$(TEST_HOST)";
				CODE_SIGN_STYLE = Automatic;
				CURRENT_PROJECT_VERSION = 1;
				DEVELOPMENT_TEAM = N22JL6379U;
				GENERATE_INFOPLIST_FILE = YES;
				IPHONEOS_DEPLOYMENT_TARGET = 16.2;
				MARKETING_VERSION = 1.0;
				PRODUCT_BUNDLE_IDENTIFIER = "com.tip-calculator.tip-calculatorTests";
				PRODUCT_NAME = "$(TARGET_NAME)";
				SWIFT_EMIT_LOC_STRINGS = NO;
				SWIFT_VERSION = 5.0;
				TARGETED_DEVICE_FAMILY = "1,2";
				TEST_HOST = "$(BUILT_PRODUCTS_DIR)/tip-calculator.app/$(BUNDLE_EXECUTABLE_FOLDER_PATH)/tip-calculator";
			};
			name = Release;
		};
		D6F49F6B2ADE582600046E10 /* Debug */ = {
			isa = XCBuildConfiguration;
			buildSettings = {
				ALWAYS_EMBED_SWIFT_STANDARD_LIBRARIES = YES;
				CODE_SIGN_STYLE = Automatic;
				CURRENT_PROJECT_VERSION = 1;
				DEVELOPMENT_TEAM = N22JL6379U;
				GENERATE_INFOPLIST_FILE = YES;
				MARKETING_VERSION = 1.0;
				PRODUCT_BUNDLE_IDENTIFIER = "com.tip-calculator.tip-calculatorUITests";
				PRODUCT_NAME = "$(TARGET_NAME)";
				SWIFT_EMIT_LOC_STRINGS = NO;
				SWIFT_VERSION = 5.0;
				TARGETED_DEVICE_FAMILY = "1,2";
				TEST_TARGET_NAME = "tip-calculator";
			};
			name = Debug;
		};
		D6F49F6C2ADE582600046E10 /* Release */ = {
			isa = XCBuildConfiguration;
			buildSettings = {
				ALWAYS_EMBED_SWIFT_STANDARD_LIBRARIES = YES;
				CODE_SIGN_STYLE = Automatic;
				CURRENT_PROJECT_VERSION = 1;
				DEVELOPMENT_TEAM = N22JL6379U;
				GENERATE_INFOPLIST_FILE = YES;
				MARKETING_VERSION = 1.0;
				PRODUCT_BUNDLE_IDENTIFIER = "com.tip-calculator.tip-calculatorUITests";
				PRODUCT_NAME = "$(TARGET_NAME)";
				SWIFT_EMIT_LOC_STRINGS = NO;
				SWIFT_VERSION = 5.0;
				TARGETED_DEVICE_FAMILY = "1,2";
				TEST_TARGET_NAME = "tip-calculator";
			};
			name = Release;
		};
/* End XCBuildConfiguration section */

/* Begin XCConfigurationList section */
		D6F49F352ADE582500046E10 /* Build configuration list for PBXProject "tip-calculator" */ = {
			isa = XCConfigurationList;
			buildConfigurations = (
				D6F49F622ADE582600046E10 /* Debug */,
				D6F49F632ADE582600046E10 /* Release */,
			);
			defaultConfigurationIsVisible = 0;
			defaultConfigurationName = Release;
		};
		D6F49F642ADE582600046E10 /* Build configuration list for PBXNativeTarget "tip-calculator" */ = {
			isa = XCConfigurationList;
			buildConfigurations = (
				D6F49F652ADE582600046E10 /* Debug */,
				D6F49F662ADE582600046E10 /* Release */,
			);
			defaultConfigurationIsVisible = 0;
			defaultConfigurationName = Release;
		};
		D6F49F672ADE582600046E10 /* Build configuration list for PBXNativeTarget "tip-calculatorTests" */ = {
			isa = XCConfigurationList;
			buildConfigurations = (
				D6F49F682ADE582600046E10 /* Debug */,
				D6F49F692ADE582600046E10 /* Release */,
			);
			defaultConfigurationIsVisible = 0;
			defaultConfigurationName = Release;
		};
		D6F49F6A2ADE582600046E10 /* Build configuration list for PBXNativeTarget "tip-calculatorUITests" */ = {
			isa = XCConfigurationList;
			buildConfigurations = (
				D6F49F6B2ADE582600046E10 /* Debug */,
				D6F49F6C2ADE582600046E10 /* Release */,
			);
			defaultConfigurationIsVisible = 0;
			defaultConfigurationName = Release;
		};
/* End XCConfigurationList section */

/* Begin XCRemoteSwiftPackageReference section */
		D6F49F6D2ADE693B00046E10 /* XCRemoteSwiftPackageReference "CombineCocoa" */ = {
			isa = XCRemoteSwiftPackageReference;
			repositoryURL = "https://github.com/CombineCommunity/CombineCocoa";
			requirement = {
				kind = upToNextMinorVersion;
				minimumVersion = 0.4.1;
			};
		};
		D6F49F702ADE696F00046E10 /* XCRemoteSwiftPackageReference "SnapKit" */ = {
			isa = XCRemoteSwiftPackageReference;
			repositoryURL = "https://github.com/SnapKit/SnapKit";
			requirement = {
				kind = upToNextMinorVersion;
				minimumVersion = 5.6.0;
			};
		};
		D6F49F762ADE6A5B00046E10 /* XCRemoteSwiftPackageReference "swift-snapshot-testing" */ = {
			isa = XCRemoteSwiftPackageReference;
			repositoryURL = "https://github.com/pointfreeco/swift-snapshot-testing";
			requirement = {
				kind = upToNextMinorVersion;
				minimumVersion = 1.9.0;
			};
		};
/* End XCRemoteSwiftPackageReference section */

/* Begin XCSwiftPackageProductDependency section */
		D6F49F6E2ADE693B00046E10 /* CombineCocoa */ = {
			isa = XCSwiftPackageProductDependency;
			package = D6F49F6D2ADE693B00046E10 /* XCRemoteSwiftPackageReference "CombineCocoa" */;
			productName = CombineCocoa;
		};
		D6F49F712ADE696F00046E10 /* SnapKit */ = {
			isa = XCSwiftPackageProductDependency;
			package = D6F49F702ADE696F00046E10 /* XCRemoteSwiftPackageReference "SnapKit" */;
			productName = SnapKit;
		};
		D6F49F742ADE6A2A00046E10 /* CombineCocoa */ = {
			isa = XCSwiftPackageProductDependency;
			package = D6F49F6D2ADE693B00046E10 /* XCRemoteSwiftPackageReference "CombineCocoa" */;
			productName = CombineCocoa;
		};
		D6F49F772ADE6A5B00046E10 /* SnapshotTesting */ = {
			isa = XCSwiftPackageProductDependency;
			package = D6F49F762ADE6A5B00046E10 /* XCRemoteSwiftPackageReference "swift-snapshot-testing" */;
			productName = SnapshotTesting;
		};
		D6F49F792ADE6A6500046E10 /* CombineCocoa */ = {
			isa = XCSwiftPackageProductDependency;
			package = D6F49F6D2ADE693B00046E10 /* XCRemoteSwiftPackageReference "CombineCocoa" */;
			productName = CombineCocoa;
		};
/* End XCSwiftPackageProductDependency section */
	};
	rootObject = D6F49F322ADE582500046E10 /* Project object */;
}
